// !$*UTF8*$!
{
	archiveVersion = 1;
	classes = {
	};
	objectVersion = 50;
	objects = {

/* Begin PBXBuildFile section */
		57426F3A24A78D11001D1BFC /* AppDelegate.swift in Sources */ = {isa = PBXBuildFile; fileRef = 57426F3924A78D11001D1BFC /* AppDelegate.swift */; };
		57426F3C24A78D11001D1BFC /* SceneDelegate.swift in Sources */ = {isa = PBXBuildFile; fileRef = 57426F3B24A78D11001D1BFC /* SceneDelegate.swift */; };
		57426F3E24A78D11001D1BFC /* ViewController.swift in Sources */ = {isa = PBXBuildFile; fileRef = 57426F3D24A78D11001D1BFC /* ViewController.swift */; };
		57426F4124A78D11001D1BFC /* Main.storyboard in Resources */ = {isa = PBXBuildFile; fileRef = 57426F3F24A78D11001D1BFC /* Main.storyboard */; };
		57426F4324A78D11001D1BFC /* Assets.xcassets in Resources */ = {isa = PBXBuildFile; fileRef = 57426F4224A78D11001D1BFC /* Assets.xcassets */; };
		57426F4624A78D11001D1BFC /* LaunchScreen.storyboard in Resources */ = {isa = PBXBuildFile; fileRef = 57426F4424A78D11001D1BFC /* LaunchScreen.storyboard */; };
/* End PBXBuildFile section */

/* Begin PBXFileReference section */
		57426F3624A78D11001D1BFC /* passing-data-using-delegate.app */ = {isa = PBXFileReference; explicitFileType = wrapper.application; includeInIndex = 0; path = "passing-data-using-delegate.app"; sourceTree = BUILT_PRODUCTS_DIR; };
		57426F3924A78D11001D1BFC /* AppDelegate.swift */ = {isa = PBXFileReference; lastKnownFileType = sourcecode.swift; path = AppDelegate.swift; sourceTree = "<group>"; };
		57426F3B24A78D11001D1BFC /* SceneDelegate.swift */ = {isa = PBXFileReference; lastKnownFileType = sourcecode.swift; path = SceneDelegate.swift; sourceTree = "<group>"; };
		57426F3D24A78D11001D1BFC /* ViewController.swift */ = {isa = PBXFileReference; lastKnownFileType = sourcecode.swift; path = ViewController.swift; sourceTree = "<group>"; };
		57426F4024A78D11001D1BFC /* Base */ = {isa = PBXFileReference; lastKnownFileType = file.storyboard; name = Base; path = Base.lproj/Main.storyboard; sourceTree = "<group>"; };
		57426F4224A78D11001D1BFC /* Assets.xcassets */ = {isa = PBXFileReference; lastKnownFileType = folder.assetcatalog; path = Assets.xcassets; sourceTree = "<group>"; };
		57426F4524A78D11001D1BFC /* Base */ = {isa = PBXFileReference; lastKnownFileType = file.storyboard; name = Base; path = Base.lproj/LaunchScreen.storyboard; sourceTree = "<group>"; };
		57426F4724A78D11001D1BFC /* Info.plist */ = {isa = PBXFileReference; lastKnownFileType = text.plist.xml; path = Info.plist; sourceTree = "<group>"; };
/* End PBXFileReference section */

/* Begin PBXFrameworksBuildPhase section */
		57426F3324A78D11001D1BFC /* Frameworks */ = {
			isa = PBXFrameworksBuildPhase;
			buildActionMask = 2147483647;
			files = (
			);
			runOnlyForDeploymentPostprocessing = 0;
		};
/* End PBXFrameworksBuildPhase section */

/* Begin PBXGroup section */
		57426F2D24A78D11001D1BFC = {
			isa = PBXGroup;
			children = (
				57426F3824A78D11001D1BFC /* passing-data-using-delegate */,
				57426F3724A78D11001D1BFC /* Products */,
			);
			sourceTree = "<group>";
		};
		57426F3724A78D11001D1BFC /* Products */ = {
			isa = PBXGroup;
			children = (
				57426F3624A78D11001D1BFC /* passing-data-using-delegate.app */,
			);
			name = Products;
			sourceTree = "<group>";
		};
		57426F3824A78D11001D1BFC /* passing-data-using-delegate */ = {
			isa = PBXGroup;
			children = (
				57426F3924A78D11001D1BFC /* AppDelegate.swift */,
				57426F3B24A78D11001D1BFC /* SceneDelegate.swift */,
				57426F3D24A78D11001D1BFC /* ViewController.swift */,
				57426F3F24A78D11001D1BFC /* Main.storyboard */,
				57426F4224A78D11001D1BFC /* Assets.xcassets */,
				57426F4424A78D11001D1BFC /* LaunchScreen.storyboard */,
				57426F4724A78D11001D1BFC /* Info.plist */,
			);
			path = "passing-data-using-delegate";
			sourceTree = "<group>";
		};
/* End PBXGroup section */

/* Begin PBXNativeTarget section */
		57426F3524A78D11001D1BFC /* passing-data-using-delegate */ = {
			isa = PBXNativeTarget;
			buildConfigurationList = 57426F4A24A78D11001D1BFC /* Build configuration list for PBXNativeTarget "passing-data-using-delegate" */;
			buildPhases = (
				57426F3224A78D11001D1BFC /* Sources */,
				57426F3324A78D11001D1BFC /* Frameworks */,
				57426F3424A78D11001D1BFC /* Resources */,
			);
			buildRules = (
			);
			dependencies = (
			);
			name = "passing-data-using-delegate";
			productName = "passing-data-using-delegate";
			productReference = 57426F3624A78D11001D1BFC /* passing-data-using-delegate.app */;
			productType = "com.apple.product-type.application";
		};
/* End PBXNativeTarget section */

/* Begin PBXProject section */
		57426F2E24A78D11001D1BFC /* Project object */ = {
			isa = PBXProject;
			attributes = {
				LastSwiftUpdateCheck = 1150;
				LastUpgradeCheck = 1150;
				ORGANIZATIONNAME = "Victor Balas";
				TargetAttributes = {
					57426F3524A78D11001D1BFC = {
						CreatedOnToolsVersion = 11.5;
					};
				};
			};
			buildConfigurationList = 57426F3124A78D11001D1BFC /* Build configuration list for PBXProject "passing-data-using-delegate" */;
			compatibilityVersion = "Xcode 9.3";
			developmentRegion = en;
			hasScannedForEncodings = 0;
			knownRegions = (
				en,
				Base,
			);
			mainGroup = 57426F2D24A78D11001D1BFC;
			productRefGroup = 57426F3724A78D11001D1BFC /* Products */;
			projectDirPath = "";
			projectRoot = "";
			targets = (
				57426F3524A78D11001D1BFC /* passing-data-using-delegate */,
			);
		};
/* End PBXProject section */

/* Begin PBXResourcesBuildPhase section */
		57426F3424A78D11001D1BFC /* Resources */ = {
			isa = PBXResourcesBuildPhase;
			buildActionMask = 2147483647;
			files = (
				57426F4624A78D11001D1BFC /* LaunchScreen.storyboard in Resources */,
				57426F4324A78D11001D1BFC /* Assets.xcassets in Resources */,
				57426F4124A78D11001D1BFC /* Main.storyboard in Resources */,
			);
			runOnlyForDeploymentPostprocessing = 0;
		};
/* End PBXResourcesBuildPhase section */

/* Begin PBXSourcesBuildPhase section */
		57426F3224A78D11001D1BFC /* Sources */ = {
			isa = PBXSourcesBuildPhase;
			buildActionMask = 2147483647;
			files = (
				57426F3E24A78D11001D1BFC /* ViewController.swift in Sources */,
				57426F3A24A78D11001D1BFC /* AppDelegate.swift in Sources */,
				57426F3C24A78D11001D1BFC /* SceneDelegate.swift in Sources */,
			);
			runOnlyForDeploymentPostprocessing = 0;
		};
/* End PBXSourcesBuildPhase section */

/* Begin PBXVariantGroup section */
		57426F3F24A78D11001D1BFC /* Main.storyboard */ = {
			isa = PBXVariantGroup;
			children = (
				57426F4024A78D11001D1BFC /* Base */,
			);
			name = Main.storyboard;
			sourceTree = "<group>";
		};
		57426F4424A78D11001D1BFC /* LaunchScreen.storyboard */ = {
			isa = PBXVariantGroup;
			children = (
				57426F4524A78D11001D1BFC /* Base */,
			);
			name = LaunchScreen.storyboard;
			sourceTree = "<group>";
		};
/* End PBXVariantGroup section */

/* Begin XCBuildConfiguration section */
		57426F4824A78D11001D1BFC /* Debug */ = {
			isa = XCBuildConfiguration;
			buildSettings = {
				ALWAYS_SEARCH_USER_PATHS = NO;
				CLANG_ANALYZER_NONNULL = YES;
				CLANG_ANALYZER_NUMBER_OBJECT_CONVERSION = YES_AGGRESSIVE;
				CLANG_CXX_LANGUAGE_STANDARD = "gnu++14";
				CLANG_CXX_LIBRARY = "libc++";
				CLANG_ENABLE_MODULES = YES;
				CLANG_ENABLE_OBJC_ARC = YES;
				CLANG_ENABLE_OBJC_WEAK = YES;
				CLANG_WARN_BLOCK_CAPTURE_AUTORELEASING = YES;
				CLANG_WARN_BOOL_CONVERSION = YES;
				CLANG_WARN_COMMA = YES;
				CLANG_WARN_CONSTANT_CONVERSION = YES;
				CLANG_WARN_DEPRECATED_OBJC_IMPLEMENTATIONS = YES;
				CLANG_WARN_DIRECT_OBJC_ISA_USAGE = YES_ERROR;
				CLANG_WARN_DOCUMENTATION_COMMENTS = YES;
				CLANG_WARN_EMPTY_BODY = YES;
				CLANG_WARN_ENUM_CONVERSION = YES;
				CLANG_WARN_INFINITE_RECURSION = YES;
				CLANG_WARN_INT_CONVERSION = YES;
				CLANG_WARN_NON_LITERAL_NULL_CONVERSION = YES;
				CLANG_WARN_OBJC_IMPLICIT_RETAIN_SELF = YES;
				CLANG_WARN_OBJC_LITERAL_CONVERSION = YES;
				CLANG_WARN_OBJC_ROOT_CLASS = YES_ERROR;
				CLANG_WARN_RANGE_LOOP_ANALYSIS = YES;
				CLANG_WARN_STRICT_PROTOTYPES = YES;
				CLANG_WARN_SUSPICIOUS_MOVE = YES;
				CLANG_WARN_UNGUARDED_AVAILABILITY = YES_AGGRESSIVE;
				CLANG_WARN_UNREACHABLE_CODE = YES;
				CLANG_WARN__DUPLICATE_METHOD_MATCH = YES;
				COPY_PHASE_STRIP = NO;
				DEBUG_INFORMATION_FORMAT = dwarf;
				ENABLE_STRICT_OBJC_MSGSEND = YES;
				ENABLE_TESTABILITY = YES;
				GCC_C_LANGUAGE_STANDARD = gnu11;
				GCC_DYNAMIC_NO_PIC = NO;
				GCC_NO_COMMON_BLOCKS = YES;
				GCC_OPTIMIZATION_LEVEL = 0;
				GCC_PREPROCESSOR_DEFINITIONS = (
					"DEBUG=1",
					"$(inherited)",
				);
				GCC_WARN_64_TO_32_BIT_CONVERSION = YES;
				GCC_WARN_ABOUT_RETURN_TYPE = YES_ERROR;
				GCC_WARN_UNDECLARED_SELECTOR = YES;
				GCC_WARN_UNINITIALIZED_AUTOS = YES_AGGRESSIVE;
				GCC_WARN_UNUSED_FUNCTION = YES;
				GCC_WARN_UNUSED_VARIABLE = YES;
				IPHONEOS_DEPLOYMENT_TARGET = 13.5;
				MTL_ENABLE_DEBUG_INFO = INCLUDE_SOURCE;
				MTL_FAST_MATH = YES;
				ONLY_ACTIVE_ARCH = YES;
				SDKROOT = iphoneos;
				SWIFT_ACTIVE_COMPILATION_CONDITIONS = DEBUG;
				SWIFT_OPTIMIZATION_LEVEL = "-Onone";
			};
			name = Debug;
		};
		57426F4924A78D11001D1BFC /* Release */ = {
			isa = XCBuildConfiguration;
			buildSettings = {
				ALWAYS_SEARCH_USER_PATHS = NO;
				CLANG_ANALYZER_NONNULL = YES;
				CLANG_ANALYZER_NUMBER_OBJECT_CONVERSION = YES_AGGRESSIVE;
				CLANG_CXX_LANGUAGE_STANDARD = "gnu++14";
				CLANG_CXX_LIBRARY = "libc++";
				CLANG_ENABLE_MODULES = YES;
				CLANG_ENABLE_OBJC_ARC = YES;
				CLANG_ENABLE_OBJC_WEAK = YES;
				CLANG_WARN_BLOCK_CAPTURE_AUTORELEASING = YES;
				CLANG_WARN_BOOL_CONVERSION = YES;
				CLANG_WARN_COMMA = YES;
				CLANG_WARN_CONSTANT_CONVERSION = YES;
				CLANG_WARN_DEPRECATED_OBJC_IMPLEMENTATIONS = YES;
				CLANG_WARN_DIRECT_OBJC_ISA_USAGE = YES_ERROR;
				CLANG_WARN_DOCUMENTATION_COMMENTS = YES;
				CLANG_WARN_EMPTY_BODY = YES;
				CLANG_WARN_ENUM_CONVERSION = YES;
				CLANG_WARN_INFINITE_RECURSION = YES;
				CLANG_WARN_INT_CONVERSION = YES;
				CLANG_WARN_NON_LITERAL_NULL_CONVERSION = YES;
				CLANG_WARN_OBJC_IMPLICIT_RETAIN_SELF = YES;
				CLANG_WARN_OBJC_LITERAL_CONVERSION = YES;
				CLANG_WARN_OBJC_ROOT_CLASS = YES_ERROR;
				CLANG_WARN_RANGE_LOOP_ANALYSIS = YES;
				CLANG_WARN_STRICT_PROTOTYPES = YES;
				CLANG_WARN_SUSPICIOUS_MOVE = YES;
				CLANG_WARN_UNGUARDED_AVAILABILITY = YES_AGGRESSIVE;
				CLANG_WARN_UNREACHABLE_CODE = YES;
				CLANG_WARN__DUPLICATE_METHOD_MATCH = YES;
				COPY_PHASE_STRIP = NO;
				DEBUG_INFORMATION_FORMAT = "dwarf-with-dsym";
				ENABLE_NS_ASSERTIONS = NO;
				ENABLE_STRICT_OBJC_MSGSEND = YES;
				GCC_C_LANGUAGE_STANDARD = gnu11;
				GCC_NO_COMMON_BLOCKS = YES;
				GCC_WARN_64_TO_32_BIT_CONVERSION = YES;
				GCC_WARN_ABOUT_RETURN_TYPE = YES_ERROR;
				GCC_WARN_UNDECLARED_SELECTOR = YES;
				GCC_WARN_UNINITIALIZED_AUTOS = YES_AGGRESSIVE;
				GCC_WARN_UNUSED_FUNCTION = YES;
				GCC_WARN_UNUSED_VARIABLE = YES;
				IPHONEOS_DEPLOYMENT_TARGET = 13.5;
				MTL_ENABLE_DEBUG_INFO = NO;
				MTL_FAST_MATH = YES;
				SDKROOT = iphoneos;
				SWIFT_COMPILATION_MODE = wholemodule;
				SWIFT_OPTIMIZATION_LEVEL = "-O";
				VALIDATE_PRODUCT = YES;
			};
			name = Release;
		};
		57426F4B24A78D11001D1BFC /* Debug */ = {
			isa = XCBuildConfiguration;
			buildSettings = {
				ASSETCATALOG_COMPILER_APPICON_NAME = AppIcon;
				CODE_SIGN_STYLE = Automatic;
				DEVELOPMENT_TEAM = 5W53BVZD7L;
				INFOPLIST_FILE = "passing-data-using-delegate/Info.plist";
				LD_RUNPATH_SEARCH_PATHS = (
					"$(inherited)",
					"@executable_path/Frameworks",
				);
				PRODUCT_BUNDLE_IDENTIFIER = "com.VictorBalas.passing-data-using-delegate";
				PRODUCT_NAME = "$(TARGET_NAME)";
				SWIFT_VERSION = 5.0;
				TARGETED_DEVICE_FAMILY = "1,2";
			};
			name = Debug;
		};
		57426F4C24A78D11001D1BFC /* Release */ = {
			isa = XCBuildConfiguration;
			buildSettings = {
				ASSETCATALOG_COMPILER_APPICON_NAME = AppIcon;
				CODE_SIGN_STYLE = Automatic;
				DEVELOPMENT_TEAM = 5W53BVZD7L;
				INFOPLIST_FILE = "passing-data-using-delegate/Info.plist";
				LD_RUNPATH_SEARCH_PATHS = (
					"$(inherited)",
					"@executable_path/Frameworks",
				);
				PRODUCT_BUNDLE_IDENTIFIER = "com.VictorBalas.passing-data-using-delegate";
				PRODUCT_NAME = "$(TARGET_NAME)";
				SWIFT_VERSION = 5.0;
				TARGETED_DEVICE_FAMILY = "1,2";
			};
			name = Release;
		};
/* End XCBuildConfiguration section */

/* Begin XCConfigurationList section */
		57426F3124A78D11001D1BFC /* Build configuration list for PBXProject "passing-data-using-delegate" */ = {
			isa = XCConfigurationList;
			buildConfigurations = (
				57426F4824A78D11001D1BFC /* Debug */,
				57426F4924A78D11001D1BFC /* Release */,
			);
			defaultConfigurationIsVisible = 0;
			defaultConfigurationName = Release;
		};
		57426F4A24A78D11001D1BFC /* Build configuration list for PBXNativeTarget "passing-data-using-delegate" */ = {
			isa = XCConfigurationList;
			buildConfigurations = (
				57426F4B24A78D11001D1BFC /* Debug */,
				57426F4C24A78D11001D1BFC /* Release */,
			);
			defaultConfigurationIsVisible = 0;
			defaultConfigurationName = Release;
		};
/* End XCConfigurationList section */
	};
	rootObject = 57426F2E24A78D11001D1BFC /* Project object */;
}
